
Microsoft Visual Studio Solution File, Format Version 12.00
# Visual Studio Version 17
VisualStudioVersion = 17.11.35327.3
MinimumVisualStudioVersion = 10.0.40219.1
Project("{FAE04EC0-301F-11D3-BF4B-00C04F79EFBC}") = "Appointment.Backend", "Appointment.Backend.csproj", "{6C92E35D-0D6A-4A82-8CDA-D4EC8FEC2497}"
EndProject
Global
	GlobalSection(SolutionConfigurationPlatforms) = preSolution
		Debug|Any CPU = Debug|Any CPU
		Release|Any CPU = Release|Any CPU
	EndGlobalSection
	GlobalSection(ProjectConfigurationPlatforms) = postSolution
		{6C92E35D-0D6A-4A82-8CDA-D4EC8FEC2497}.Debug|Any CPU.ActiveCfg = Debug|Any CPU
		{6C92E35D-0D6A-4A82-8CDA-D4EC8FEC2497}.Debug|Any CPU.Build.0 = Debug|Any CPU
		{6C92E35D-0D6A-4A82-8CDA-D4EC8FEC2497}.Release|Any CPU.ActiveCfg = Release|Any CPU
		{6C92E35D-0D6A-4A82-8CDA-D4EC8FEC2497}.Release|Any CPU.Build.0 = Release|Any CPU
	EndGlobalSection
	GlobalSection(SolutionProperties) = preSolution
		HideSolutionNode = FALSE
	EndGlobalSection
	GlobalSection(ExtensibilityGlobals) = postSolution
		SolutionGuid = {7A8F5492-68F3-47A5-A2E1-0C044D04658D}
	EndGlobalSection
EndGlobal
